// !$*UTF8*$!
{
	archiveVersion = 1;
	classes = {
	};
	objectVersion = 46;
	objects = {

/* Begin PBXBuildFile section */
		93C10F811BFF0C8100F992C0 /* main.m in Sources */ = {isa = PBXBuildFile; fileRef = 93C10F801BFF0C8100F992C0 /* main.m */; };
		93C10F841BFF0C8100F992C0 /* AppDelegate.m in Sources */ = {isa = PBXBuildFile; fileRef = 93C10F831BFF0C8100F992C0 /* AppDelegate.m */; };
		93C10F8F1BFF0C8100F992C0 /* LaunchScreen.xib in Resources */ = {isa = PBXBuildFile; fileRef = 93C10F8D1BFF0C8100F992C0 /* LaunchScreen.xib */; };
		93C10F9B1BFF0C8200F992C0 /* WMweiboTests.m in Sources */ = {isa = PBXBuildFile; fileRef = 93C10F9A1BFF0C8200F992C0 /* WMweiboTests.m */; };
		93C10FAC1BFF0CEE00F992C0 /* WMHomeViewController.m in Sources */ = {isa = PBXBuildFile; fileRef = 93C10FA51BFF0CEE00F992C0 /* WMHomeViewController.m */; };
		93C10FAD1BFF0CEE00F992C0 /* WMMessageCenterViewController.m in Sources */ = {isa = PBXBuildFile; fileRef = 93C10FA71BFF0CEE00F992C0 /* WMMessageCenterViewController.m */; };
		93C10FAE1BFF0CEE00F992C0 /* WMDiscoverViewController.m in Sources */ = {isa = PBXBuildFile; fileRef = 93C10FA91BFF0CEE00F992C0 /* WMDiscoverViewController.m */; };
		93C10FAF1BFF0CEE00F992C0 /* WMProfileViewController.m in Sources */ = {isa = PBXBuildFile; fileRef = 93C10FAB1BFF0CEE00F992C0 /* WMProfileViewController.m */; };
		93E528921BFF0E63000D8067 /* Images.xcassets in Resources */ = {isa = PBXBuildFile; fileRef = 93E528911BFF0E63000D8067 /* Images.xcassets */; };
/* End PBXBuildFile section */

/* Begin PBXContainerItemProxy section */
		93C10F951BFF0C8200F992C0 /* PBXContainerItemProxy */ = {
			isa = PBXContainerItemProxy;
			containerPortal = 93C10F731BFF0C8100F992C0 /* Project object */;
			proxyType = 1;
			remoteGlobalIDString = 93C10F7A1BFF0C8100F992C0;
			remoteInfo = WMweibo;
		};
/* End PBXContainerItemProxy section */

/* Begin PBXFileReference section */
		93C10F7B1BFF0C8100F992C0 /* WMweibo.app */ = {isa = PBXFileReference; explicitFileType = wrapper.application; includeInIndex = 0; path = WMweibo.app; sourceTree = BUILT_PRODUCTS_DIR; };
		93C10F7F1BFF0C8100F992C0 /* Info.plist */ = {isa = PBXFileReference; lastKnownFileType = text.plist.xml; path = Info.plist; sourceTree = "<group>"; };
		93C10F801BFF0C8100F992C0 /* main.m */ = {isa = PBXFileReference; lastKnownFileType = sourcecode.c.objc; path = main.m; sourceTree = "<group>"; };
		93C10F821BFF0C8100F992C0 /* AppDelegate.h */ = {isa = PBXFileReference; lastKnownFileType = sourcecode.c.h; path = AppDelegate.h; sourceTree = "<group>"; };
		93C10F831BFF0C8100F992C0 /* AppDelegate.m */ = {isa = PBXFileReference; lastKnownFileType = sourcecode.c.objc; path = AppDelegate.m; sourceTree = "<group>"; };
		93C10F8E1BFF0C8100F992C0 /* Base */ = {isa = PBXFileReference; lastKnownFileType = file.xib; name = Base; path = Base.lproj/LaunchScreen.xib; sourceTree = "<group>"; };
		93C10F941BFF0C8200F992C0 /* WMweiboTests.xctest */ = {isa = PBXFileReference; explicitFileType = wrapper.cfbundle; includeInIndex = 0; path = WMweiboTests.xctest; sourceTree = BUILT_PRODUCTS_DIR; };
		93C10F991BFF0C8200F992C0 /* Info.plist */ = {isa = PBXFileReference; lastKnownFileType = text.plist.xml; path = Info.plist; sourceTree = "<group>"; };
		93C10F9A1BFF0C8200F992C0 /* WMweiboTests.m */ = {isa = PBXFileReference; lastKnownFileType = sourcecode.c.objc; path = WMweiboTests.m; sourceTree = "<group>"; };
		93C10FA41BFF0CEE00F992C0 /* WMHomeViewController.h */ = {isa = PBXFileReference; fileEncoding = 4; lastKnownFileType = sourcecode.c.h; path = WMHomeViewController.h; sourceTree = "<group>"; };
		93C10FA51BFF0CEE00F992C0 /* WMHomeViewController.m */ = {isa = PBXFileReference; fileEncoding = 4; lastKnownFileType = sourcecode.c.objc; path = WMHomeViewController.m; sourceTree = "<group>"; };
		93C10FA61BFF0CEE00F992C0 /* WMMessageCenterViewController.h */ = {isa = PBXFileReference; fileEncoding = 4; lastKnownFileType = sourcecode.c.h; path = WMMessageCenterViewController.h; sourceTree = "<group>"; };
		93C10FA71BFF0CEE00F992C0 /* WMMessageCenterViewController.m */ = {isa = PBXFileReference; fileEncoding = 4; lastKnownFileType = sourcecode.c.objc; path = WMMessageCenterViewController.m; sourceTree = "<group>"; };
		93C10FA81BFF0CEE00F992C0 /* WMDiscoverViewController.h */ = {isa = PBXFileReference; fileEncoding = 4; lastKnownFileType = sourcecode.c.h; path = WMDiscoverViewController.h; sourceTree = "<group>"; };
		93C10FA91BFF0CEE00F992C0 /* WMDiscoverViewController.m */ = {isa = PBXFileReference; fileEncoding = 4; lastKnownFileType = sourcecode.c.objc; path = WMDiscoverViewController.m; sourceTree = "<group>"; };
		93C10FAA1BFF0CEE00F992C0 /* WMProfileViewController.h */ = {isa = PBXFileReference; fileEncoding = 4; lastKnownFileType = sourcecode.c.h; path = WMProfileViewController.h; sourceTree = "<group>"; };
		93C10FAB1BFF0CEE00F992C0 /* WMProfileViewController.m */ = {isa = PBXFileReference; fileEncoding = 4; lastKnownFileType = sourcecode.c.objc; path = WMProfileViewController.m; sourceTree = "<group>"; };
		93C10FB01BFF0CF900F992C0 /* WMweibo.pch */ = {isa = PBXFileReference; lastKnownFileType = sourcecode.c.h; path = WMweibo.pch; sourceTree = "<group>"; };
		93E528911BFF0E63000D8067 /* Images.xcassets */ = {isa = PBXFileReference; lastKnownFileType = folder.assetcatalog; path = Images.xcassets; sourceTree = "<group>"; };
/* End PBXFileReference section */

/* Begin PBXFrameworksBuildPhase section */
		93C10F781BFF0C8100F992C0 /* Frameworks */ = {
			isa = PBXFrameworksBuildPhase;
			buildActionMask = 2147483647;
			files = (
			);
			runOnlyForDeploymentPostprocessing = 0;
		};
		93C10F911BFF0C8200F992C0 /* Frameworks */ = {
			isa = PBXFrameworksBuildPhase;
			buildActionMask = 2147483647;
			files = (
			);
			runOnlyForDeploymentPostprocessing = 0;
		};
/* End PBXFrameworksBuildPhase section */

/* Begin PBXGroup section */
		93C10F721BFF0C8100F992C0 = {
			isa = PBXGroup;
			children = (
				93C10F7D1BFF0C8100F992C0 /* WMweibo */,
				93C10F971BFF0C8200F992C0 /* WMweiboTests */,
				93C10F7C1BFF0C8100F992C0 /* Products */,
			);
			sourceTree = "<group>";
		};
		93C10F7C1BFF0C8100F992C0 /* Products */ = {
			isa = PBXGroup;
			children = (
				93C10F7B1BFF0C8100F992C0 /* WMweibo.app */,
				93C10F941BFF0C8200F992C0 /* WMweiboTests.xctest */,
			);
			name = Products;
			sourceTree = "<group>";
		};
		93C10F7D1BFF0C8100F992C0 /* WMweibo */ = {
			isa = PBXGroup;
			children = (
				93C10F821BFF0C8100F992C0 /* AppDelegate.h */,
				93C10F831BFF0C8100F992C0 /* AppDelegate.m */,
				93C10FA41BFF0CEE00F992C0 /* WMHomeViewController.h */,
				93C10FA51BFF0CEE00F992C0 /* WMHomeViewController.m */,
				93C10FA61BFF0CEE00F992C0 /* WMMessageCenterViewController.h */,
				93C10FA71BFF0CEE00F992C0 /* WMMessageCenterViewController.m */,
				93C10FA81BFF0CEE00F992C0 /* WMDiscoverViewController.h */,
				93C10FA91BFF0CEE00F992C0 /* WMDiscoverViewController.m */,
				93C10FAA1BFF0CEE00F992C0 /* WMProfileViewController.h */,
				93C10FAB1BFF0CEE00F992C0 /* WMProfileViewController.m */,
				93C10F7E1BFF0C8100F992C0 /* Supporting Files */,
			);
			path = WMweibo;
			sourceTree = "<group>";
		};
		93C10F7E1BFF0C8100F992C0 /* Supporting Files */ = {
			isa = PBXGroup;
			children = (
				93C10FB01BFF0CF900F992C0 /* WMweibo.pch */,
				93C10F7F1BFF0C8100F992C0 /* Info.plist */,
				93E528911BFF0E63000D8067 /* Images.xcassets */,
				93C10F8D1BFF0C8100F992C0 /* LaunchScreen.xib */,
				93C10F801BFF0C8100F992C0 /* main.m */,
			);
			name = "Supporting Files";
			sourceTree = "<group>";
		};
		93C10F971BFF0C8200F992C0 /* WMweiboTests */ = {
			isa = PBXGroup;
			children = (
				93C10F9A1BFF0C8200F992C0 /* WMweiboTests.m */,
				93C10F981BFF0C8200F992C0 /* Supporting Files */,
			);
			path = WMweiboTests;
			sourceTree = "<group>";
		};
		93C10F981BFF0C8200F992C0 /* Supporting Files */ = {
			isa = PBXGroup;
			children = (
				93C10F991BFF0C8200F992C0 /* Info.plist */,
			);
			name = "Supporting Files";
			sourceTree = "<group>";
		};
/* End PBXGroup section */

/* Begin PBXNativeTarget section */
		93C10F7A1BFF0C8100F992C0 /* WMweibo */ = {
			isa = PBXNativeTarget;
			buildConfigurationList = 93C10F9E1BFF0C8200F992C0 /* Build configuration list for PBXNativeTarget "WMweibo" */;
			buildPhases = (
				93C10F771BFF0C8100F992C0 /* Sources */,
				93C10F781BFF0C8100F992C0 /* Frameworks */,
				93C10F791BFF0C8100F992C0 /* Resources */,
			);
			buildRules = (
			);
			dependencies = (
			);
			name = WMweibo;
			productName = WMweibo;
			productReference = 93C10F7B1BFF0C8100F992C0 /* WMweibo.app */;
			productType = "com.apple.product-type.application";
		};
		93C10F931BFF0C8200F992C0 /* WMweiboTests */ = {
			isa = PBXNativeTarget;
			buildConfigurationList = 93C10FA11BFF0C8200F992C0 /* Build configuration list for PBXNativeTarget "WMweiboTests" */;
			buildPhases = (
				93C10F901BFF0C8200F992C0 /* Sources */,
				93C10F911BFF0C8200F992C0 /* Frameworks */,
				93C10F921BFF0C8200F992C0 /* Resources */,
			);
			buildRules = (
			);
			dependencies = (
				93C10F961BFF0C8200F992C0 /* PBXTargetDependency */,
			);
			name = WMweiboTests;
			productName = WMweiboTests;
			productReference = 93C10F941BFF0C8200F992C0 /* WMweiboTests.xctest */;
			productType = "com.apple.product-type.bundle.unit-test";
		};
/* End PBXNativeTarget section */

/* Begin PBXProject section */
		93C10F731BFF0C8100F992C0 /* Project object */ = {
			isa = PBXProject;
			attributes = {
				LastUpgradeCheck = 0610;
				ORGANIZATIONNAME = ZJQ;
				TargetAttributes = {
					93C10F7A1BFF0C8100F992C0 = {
						CreatedOnToolsVersion = 6.1.1;
					};
					93C10F931BFF0C8200F992C0 = {
						CreatedOnToolsVersion = 6.1.1;
						TestTargetID = 93C10F7A1BFF0C8100F992C0;
					};
				};
			};
			buildConfigurationList = 93C10F761BFF0C8100F992C0 /* Build configuration list for PBXProject "WMweibo" */;
			compatibilityVersion = "Xcode 3.2";
			developmentRegion = English;
			hasScannedForEncodings = 0;
			knownRegions = (
				en,
				Base,
			);
			mainGroup = 93C10F721BFF0C8100F992C0;
			productRefGroup = 93C10F7C1BFF0C8100F992C0 /* Products */;
			projectDirPath = "";
			projectRoot = "";
			targets = (
				93C10F7A1BFF0C8100F992C0 /* WMweibo */,
				93C10F931BFF0C8200F992C0 /* WMweiboTests */,
			);
		};
/* End PBXProject section */

/* Begin PBXResourcesBuildPhase section */
		93C10F791BFF0C8100F992C0 /* Resources */ = {
			isa = PBXResourcesBuildPhase;
			buildActionMask = 2147483647;
			files = (
				93C10F8F1BFF0C8100F992C0 /* LaunchScreen.xib in Resources */,
				93E528921BFF0E63000D8067 /* Images.xcassets in Resources */,
			);
			runOnlyForDeploymentPostprocessing = 0;
		};
		93C10F921BFF0C8200F992C0 /* Resources */ = {
			isa = PBXResourcesBuildPhase;
			buildActionMask = 2147483647;
			files = (
			);
			runOnlyForDeploymentPostprocessing = 0;
		};
/* End PBXResourcesBuildPhase section */

/* Begin PBXSourcesBuildPhase section */
		93C10F771BFF0C8100F992C0 /* Sources */ = {
			isa = PBXSourcesBuildPhase;
			buildActionMask = 2147483647;
			files = (
				93C10F841BFF0C8100F992C0 /* AppDelegate.m in Sources */,
				93C10FAC1BFF0CEE00F992C0 /* WMHomeViewController.m in Sources */,
				93C10F811BFF0C8100F992C0 /* main.m in Sources */,
				93C10FAE1BFF0CEE00F992C0 /* WMDiscoverViewController.m in Sources */,
				93C10FAF1BFF0CEE00F992C0 /* WMProfileViewController.m in Sources */,
				93C10FAD1BFF0CEE00F992C0 /* WMMessageCenterViewController.m in Sources */,
			);
			runOnlyForDeploymentPostprocessing = 0;
		};
		93C10F901BFF0C8200F992C0 /* Sources */ = {
			isa = PBXSourcesBuildPhase;
			buildActionMask = 2147483647;
			files = (
				93C10F9B1BFF0C8200F992C0 /* WMweiboTests.m in Sources */,
			);
			runOnlyForDeploymentPostprocessing = 0;
		};
/* End PBXSourcesBuildPhase section */

/* Begin PBXTargetDependency section */
		93C10F961BFF0C8200F992C0 /* PBXTargetDependency */ = {
			isa = PBXTargetDependency;
			target = 93C10F7A1BFF0C8100F992C0 /* WMweibo */;
			targetProxy = 93C10F951BFF0C8200F992C0 /* PBXContainerItemProxy */;
		};
/* End PBXTargetDependency section */

/* Begin PBXVariantGroup section */
		93C10F8D1BFF0C8100F992C0 /* LaunchScreen.xib */ = {
			isa = PBXVariantGroup;
			children = (
				93C10F8E1BFF0C8100F992C0 /* Base */,
			);
			name = LaunchScreen.xib;
			sourceTree = "<group>";
		};
/* End PBXVariantGroup section */

/* Begin XCBuildConfiguration section */
		93C10F9C1BFF0C8200F992C0 /* Debug */ = {
			isa = XCBuildConfiguration;
			buildSettings = {
				ALWAYS_SEARCH_USER_PATHS = NO;
				CLANG_CXX_LANGUAGE_STANDARD = "gnu++0x";
				CLANG_CXX_LIBRARY = "libc++";
				CLANG_ENABLE_MODULES = YES;
				CLANG_ENABLE_OBJC_ARC = YES;
				CLANG_WARN_BOOL_CONVERSION = YES;
				CLANG_WARN_CONSTANT_CONVERSION = YES;
				CLANG_WARN_DIRECT_OBJC_ISA_USAGE = YES_ERROR;
				CLANG_WARN_EMPTY_BODY = YES;
				CLANG_WARN_ENUM_CONVERSION = YES;
				CLANG_WARN_INT_CONVERSION = YES;
				CLANG_WARN_OBJC_ROOT_CLASS = YES_ERROR;
				CLANG_WARN_UNREACHABLE_CODE = YES;
				CLANG_WARN__DUPLICATE_METHOD_MATCH = YES;
				"CODE_SIGN_IDENTITY[sdk=iphoneos*]" = "iPhone Developer";
				COPY_PHASE_STRIP = NO;
				ENABLE_STRICT_OBJC_MSGSEND = YES;
				GCC_C_LANGUAGE_STANDARD = gnu99;
				GCC_DYNAMIC_NO_PIC = NO;
				GCC_OPTIMIZATION_LEVEL = 0;
				GCC_PREPROCESSOR_DEFINITIONS = (
					"DEBUG=1",
					"$(inherited)",
				);
				GCC_SYMBOLS_PRIVATE_EXTERN = NO;
				GCC_WARN_64_TO_32_BIT_CONVERSION = YES;
				GCC_WARN_ABOUT_RETURN_TYPE = YES_ERROR;
				GCC_WARN_UNDECLARED_SELECTOR = YES;
				GCC_WARN_UNINITIALIZED_AUTOS = YES_AGGRESSIVE;
				GCC_WARN_UNUSED_FUNCTION = YES;
				GCC_WARN_UNUSED_VARIABLE = YES;
				IPHONEOS_DEPLOYMENT_TARGET = 8.1;
				MTL_ENABLE_DEBUG_INFO = YES;
				ONLY_ACTIVE_ARCH = YES;
				SDKROOT = iphoneos;
			};
			name = Debug;
		};
		93C10F9D1BFF0C8200F992C0 /* Release */ = {
			isa = XCBuildConfiguration;
			buildSettings = {
				ALWAYS_SEARCH_USER_PATHS = NO;
				CLANG_CXX_LANGUAGE_STANDARD = "gnu++0x";
				CLANG_CXX_LIBRARY = "libc++";
				CLANG_ENABLE_MODULES = YES;
				CLANG_ENABLE_OBJC_ARC = YES;
				CLANG_WARN_BOOL_CONVERSION = YES;
				CLANG_WARN_CONSTANT_CONVERSION = YES;
				CLANG_WARN_DIRECT_OBJC_ISA_USAGE = YES_ERROR;
				CLANG_WARN_EMPTY_BODY = YES;
				CLANG_WARN_ENUM_CONVERSION = YES;
				CLANG_WARN_INT_CONVERSION = YES;
				CLANG_WARN_OBJC_ROOT_CLASS = YES_ERROR;
				CLANG_WARN_UNREACHABLE_CODE = YES;
				CLANG_WARN__DUPLICATE_METHOD_MATCH = YES;
				"CODE_SIGN_IDENTITY[sdk=iphoneos*]" = "iPhone Developer";
				COPY_PHASE_STRIP = YES;
				ENABLE_NS_ASSERTIONS = NO;
				ENABLE_STRICT_OBJC_MSGSEND = YES;
				GCC_C_LANGUAGE_STANDARD = gnu99;
				GCC_WARN_64_TO_32_BIT_CONVERSION = YES;
				GCC_WARN_ABOUT_RETURN_TYPE = YES_ERROR;
				GCC_WARN_UNDECLARED_SELECTOR = YES;
				GCC_WARN_UNINITIALIZED_AUTOS = YES_AGGRESSIVE;
				GCC_WARN_UNUSED_FUNCTION = YES;
				GCC_WARN_UNUSED_VARIABLE = YES;
				IPHONEOS_DEPLOYMENT_TARGET = 8.1;
				MTL_ENABLE_DEBUG_INFO = NO;
				SDKROOT = iphoneos;
				VALIDATE_PRODUCT = YES;
			};
			name = Release;
		};
		93C10F9F1BFF0C8200F992C0 /* Debug */ = {
			isa = XCBuildConfiguration;
			buildSettings = {
				ASSETCATALOG_COMPILER_APPICON_NAME = AppIcon;
				GCC_PRECOMPILE_PREFIX_HEADER = YES;
				GCC_PREFIX_HEADER = "$(SRCROOT)/WMweibo/WMweibo.pch";
				INFOPLIST_FILE = WMweibo/Info.plist;
				LD_RUNPATH_SEARCH_PATHS = "$(inherited) @executable_path/Frameworks";
				PRODUCT_NAME = "$(TARGET_NAME)";
			};
			name = Debug;
		};
		93C10FA01BFF0C8200F992C0 /* Release */ = {
			isa = XCBuildConfiguration;
			buildSettings = {
				ASSETCATALOG_COMPILER_APPICON_NAME = AppIcon;
				GCC_PRECOMPILE_PREFIX_HEADER = YES;
				GCC_PREFIX_HEADER = "$(SRCROOT)/WMweibo/WMweibo.pch";
				INFOPLIST_FILE = WMweibo/Info.plist;
				LD_RUNPATH_SEARCH_PATHS = "$(inherited) @executable_path/Frameworks";
				PRODUCT_NAME = "$(TARGET_NAME)";
			};
			name = Release;
		};
		93C10FA21BFF0C8200F992C0 /* Debug */ = {
			isa = XCBuildConfiguration;
			buildSettings = {
				BUNDLE_LOADER = "$(TEST_HOST)";
				FRAMEWORK_SEARCH_PATHS = (
					"$(SDKROOT)/Developer/Library/Frameworks",
					"$(inherited)",
				);
				GCC_PREPROCESSOR_DEFINITIONS = (
					"DEBUG=1",
					"$(inherited)",
				);
				INFOPLIST_FILE = WMweiboTests/Info.plist;
				LD_RUNPATH_SEARCH_PATHS = "$(inherited) @executable_path/Frameworks @loader_path/Frameworks";
				PRODUCT_NAME = "$(TARGET_NAME)";
				TEST_HOST = "$(BUILT_PRODUCTS_DIR)/WMweibo.app/WMweibo";
			};
			name = Debug;
		};
		93C10FA31BFF0C8200F992C0 /* Release */ = {
			isa = XCBuildConfiguration;
			buildSettings = {
				BUNDLE_LOADER = "$(TEST_HOST)";
				FRAMEWORK_SEARCH_PATHS = (
					"$(SDKROOT)/Developer/Library/Frameworks",
					"$(inherited)",
				);
				INFOPLIST_FILE = WMweiboTests/Info.plist;
				LD_RUNPATH_SEARCH_PATHS = "$(inherited) @executable_path/Frameworks @loader_path/Frameworks";
				PRODUCT_NAME = "$(TARGET_NAME)";
				TEST_HOST = "$(BUILT_PRODUCTS_DIR)/WMweibo.app/WMweibo";
			};
			name = Release;
		};
/* End XCBuildConfiguration section */

/* Begin XCConfigurationList section */
		93C10F761BFF0C8100F992C0 /* Build configuration list for PBXProject "WMweibo" */ = {
			isa = XCConfigurationList;
			buildConfigurations = (
				93C10F9C1BFF0C8200F992C0 /* Debug */,
				93C10F9D1BFF0C8200F992C0 /* Release */,
			);
			defaultConfigurationIsVisible = 0;
			defaultConfigurationName = Release;
		};
		93C10F9E1BFF0C8200F992C0 /* Build configuration list for PBXNativeTarget "WMweibo" */ = {
			isa = XCConfigurationList;
			buildConfigurations = (
				93C10F9F1BFF0C8200F992C0 /* Debug */,
				93C10FA01BFF0C8200F992C0 /* Release */,
			);
			defaultConfigurationIsVisible = 0;
			defaultConfigurationName = Release;
		};
		93C10FA11BFF0C8200F992C0 /* Build configuration list for PBXNativeTarget "WMweiboTests" */ = {
			isa = XCConfigurationList;
			buildConfigurations = (
				93C10FA21BFF0C8200F992C0 /* Debug */,
				93C10FA31BFF0C8200F992C0 /* Release */,
			);
			defaultConfigurationIsVisible = 0;
			defaultConfigurationName = Release;
		};
/* End XCConfigurationList section */
	};
	rootObject = 93C10F731BFF0C8100F992C0 /* Project object */;
}
